// !$*UTF8*$!
{
	archiveVersion = 1;
	classes = {
	};
	objectVersion = 56;
	objects = {

/* Begin PBXBuildFile section */
		8504A6062A3FDA0F00990F00 /* FunTimeMathTimeApp.swift in Sources */ = {isa = PBXBuildFile; fileRef = 8504A6052A3FDA0F00990F00 /* FunTimeMathTimeApp.swift */; };
		8504A6082A3FDA0F00990F00 /* ContentView.swift in Sources */ = {isa = PBXBuildFile; fileRef = 8504A6072A3FDA0F00990F00 /* ContentView.swift */; };
		8504A60A2A3FDA1000990F00 /* Assets.xcassets in Resources */ = {isa = PBXBuildFile; fileRef = 8504A6092A3FDA1000990F00 /* Assets.xcassets */; };
		8504A60D2A3FDA1000990F00 /* Preview Assets.xcassets in Resources */ = {isa = PBXBuildFile; fileRef = 8504A60C2A3FDA1000990F00 /* Preview Assets.xcassets */; };
		8504A6172A3FDA1000990F00 /* FunTimeMathTimeTests.swift in Sources */ = {isa = PBXBuildFile; fileRef = 8504A6162A3FDA1000990F00 /* FunTimeMathTimeTests.swift */; };
		8504A6212A3FDA1000990F00 /* FunTimeMathTimeUITests.swift in Sources */ = {isa = PBXBuildFile; fileRef = 8504A6202A3FDA1000990F00 /* FunTimeMathTimeUITests.swift */; };
		8504A6232A3FDA1000990F00 /* FunTimeMathTimeUITestsLaunchTests.swift in Sources */ = {isa = PBXBuildFile; fileRef = 8504A6222A3FDA1000990F00 /* FunTimeMathTimeUITestsLaunchTests.swift */; };
		8504A6302A3FDA8200990F00 /* ProblemTypePickerView.swift in Sources */ = {isa = PBXBuildFile; fileRef = 8504A62F2A3FDA8200990F00 /* ProblemTypePickerView.swift */; };
		8504A63C2A3FDAF700990F00 /* Problem.swift in Sources */ = {isa = PBXBuildFile; fileRef = 8504A6382A3FDAF700990F00 /* Problem.swift */; };
		8504A63F2A3FDAF700990F00 /* EquationView.swift in Sources */ = {isa = PBXBuildFile; fileRef = 8504A6392A3FDAF700990F00 /* EquationView.swift */; };
		8504A6422A3FDAF700990F00 /* ProblemView.swift in Sources */ = {isa = PBXBuildFile; fileRef = 8504A63A2A3FDAF700990F00 /* ProblemView.swift */; };
		8504A6452A3FDAF700990F00 /* SolutionView.swift in Sources */ = {isa = PBXBuildFile; fileRef = 8504A63B2A3FDAF700990F00 /* SolutionView.swift */; };
		8504A64A2A3FDB3B00990F00 /* ProblemsConfigView.swift in Sources */ = {isa = PBXBuildFile; fileRef = 8504A6492A3FDB3B00990F00 /* ProblemsConfigView.swift */; };
		8504A64E2A3FDB4900990F00 /* ProblemGenerator.swift in Sources */ = {isa = PBXBuildFile; fileRef = 8504A64D2A3FDB4900990F00 /* ProblemGenerator.swift */; };
		8504A6552A3FDCD500990F00 /* ProblemSetConfiguration.swift in Sources */ = {isa = PBXBuildFile; fileRef = 8504A6542A3FDCD500990F00 /* ProblemSetConfiguration.swift */; };
		8504A65A2A40B64700990F00 /* QuizView.swift in Sources */ = {isa = PBXBuildFile; fileRef = 8504A6592A40B64700990F00 /* QuizView.swift */; };
		8504A65E2A40B77400990F00 /* ProblemType.swift in Sources */ = {isa = PBXBuildFile; fileRef = 8504A65D2A40B77400990F00 /* ProblemType.swift */; };
		8504A6622A40B8E900990F00 /* Solution.swift in Sources */ = {isa = PBXBuildFile; fileRef = 8504A6612A40B8E900990F00 /* Solution.swift */; };
		8572EE642A40C1F800BD3905 /* QuizData.swift in Sources */ = {isa = PBXBuildFile; fileRef = 8572EE632A40C1F800BD3905 /* QuizData.swift */; };
		8572EE662A40C33B00BD3905 /* SettingsView.swift in Sources */ = {isa = PBXBuildFile; fileRef = 8572EE652A40C33B00BD3905 /* SettingsView.swift */; };
		85A20FBA2A4144640089F1A9 /* ProblemSetView.swift in Sources */ = {isa = PBXBuildFile; fileRef = 85A20FB92A4144640089F1A9 /* ProblemSetView.swift */; };
		85A20FBC2A414A880089F1A9 /* Scrollala.swift in Sources */ = {isa = PBXBuildFile; fileRef = 85A20FBB2A414A880089F1A9 /* Scrollala.swift */; };
		85DAEDDA2A4281E9002941B8 /* ProblemSet.swift in Sources */ = {isa = PBXBuildFile; fileRef = 85DAEDD92A4281E9002941B8 /* ProblemSet.swift */; };
/* End PBXBuildFile section */

/* Begin PBXContainerItemProxy section */
		8504A6132A3FDA1000990F00 /* PBXContainerItemProxy */ = {
			isa = PBXContainerItemProxy;
			containerPortal = 8504A5FA2A3FDA0F00990F00 /* Project object */;
			proxyType = 1;
			remoteGlobalIDString = 8504A6012A3FDA0F00990F00;
			remoteInfo = FunTimeMathTime;
		};
		8504A61D2A3FDA1000990F00 /* PBXContainerItemProxy */ = {
			isa = PBXContainerItemProxy;
			containerPortal = 8504A5FA2A3FDA0F00990F00 /* Project object */;
			proxyType = 1;
			remoteGlobalIDString = 8504A6012A3FDA0F00990F00;
			remoteInfo = FunTimeMathTime;
		};
/* End PBXContainerItemProxy section */

/* Begin PBXFileReference section */
		8504A6022A3FDA0F00990F00 /* FunTimeMathTime.app */ = {isa = PBXFileReference; explicitFileType = wrapper.application; includeInIndex = 0; path = FunTimeMathTime.app; sourceTree = BUILT_PRODUCTS_DIR; };
		8504A6052A3FDA0F00990F00 /* FunTimeMathTimeApp.swift */ = {isa = PBXFileReference; lastKnownFileType = sourcecode.swift; path = FunTimeMathTimeApp.swift; sourceTree = "<group>"; };
		8504A6072A3FDA0F00990F00 /* ContentView.swift */ = {isa = PBXFileReference; lastKnownFileType = sourcecode.swift; path = ContentView.swift; sourceTree = "<group>"; };
		8504A6092A3FDA1000990F00 /* Assets.xcassets */ = {isa = PBXFileReference; lastKnownFileType = folder.assetcatalog; path = Assets.xcassets; sourceTree = "<group>"; };
		8504A60C2A3FDA1000990F00 /* Preview Assets.xcassets */ = {isa = PBXFileReference; lastKnownFileType = folder.assetcatalog; path = "Preview Assets.xcassets"; sourceTree = "<group>"; };
		8504A6122A3FDA1000990F00 /* FunTimeMathTimeTests.xctest */ = {isa = PBXFileReference; explicitFileType = wrapper.cfbundle; includeInIndex = 0; path = FunTimeMathTimeTests.xctest; sourceTree = BUILT_PRODUCTS_DIR; };
		8504A6162A3FDA1000990F00 /* FunTimeMathTimeTests.swift */ = {isa = PBXFileReference; lastKnownFileType = sourcecode.swift; path = FunTimeMathTimeTests.swift; sourceTree = "<group>"; };
		8504A61C2A3FDA1000990F00 /* FunTimeMathTimeUITests.xctest */ = {isa = PBXFileReference; explicitFileType = wrapper.cfbundle; includeInIndex = 0; path = FunTimeMathTimeUITests.xctest; sourceTree = BUILT_PRODUCTS_DIR; };
		8504A6202A3FDA1000990F00 /* FunTimeMathTimeUITests.swift */ = {isa = PBXFileReference; lastKnownFileType = sourcecode.swift; path = FunTimeMathTimeUITests.swift; sourceTree = "<group>"; };
		8504A6222A3FDA1000990F00 /* FunTimeMathTimeUITestsLaunchTests.swift */ = {isa = PBXFileReference; lastKnownFileType = sourcecode.swift; path = FunTimeMathTimeUITestsLaunchTests.swift; sourceTree = "<group>"; };
		8504A62F2A3FDA8200990F00 /* ProblemTypePickerView.swift */ = {isa = PBXFileReference; fileEncoding = 4; lastKnownFileType = sourcecode.swift; path = ProblemTypePickerView.swift; sourceTree = "<group>"; };
		8504A6382A3FDAF700990F00 /* Problem.swift */ = {isa = PBXFileReference; fileEncoding = 4; lastKnownFileType = sourcecode.swift; path = Problem.swift; sourceTree = "<group>"; };
		8504A6392A3FDAF700990F00 /* EquationView.swift */ = {isa = PBXFileReference; fileEncoding = 4; lastKnownFileType = sourcecode.swift; path = EquationView.swift; sourceTree = "<group>"; };
		8504A63A2A3FDAF700990F00 /* ProblemView.swift */ = {isa = PBXFileReference; fileEncoding = 4; lastKnownFileType = sourcecode.swift; path = ProblemView.swift; sourceTree = "<group>"; };
		8504A63B2A3FDAF700990F00 /* SolutionView.swift */ = {isa = PBXFileReference; fileEncoding = 4; lastKnownFileType = sourcecode.swift; path = SolutionView.swift; sourceTree = "<group>"; };
		8504A6492A3FDB3B00990F00 /* ProblemsConfigView.swift */ = {isa = PBXFileReference; fileEncoding = 4; lastKnownFileType = sourcecode.swift; path = ProblemsConfigView.swift; sourceTree = "<group>"; };
		8504A64D2A3FDB4900990F00 /* ProblemGenerator.swift */ = {isa = PBXFileReference; fileEncoding = 4; lastKnownFileType = sourcecode.swift; path = ProblemGenerator.swift; sourceTree = "<group>"; };
		8504A6542A3FDCD500990F00 /* ProblemSetConfiguration.swift */ = {isa = PBXFileReference; lastKnownFileType = sourcecode.swift; path = ProblemSetConfiguration.swift; sourceTree = "<group>"; };
		8504A6592A40B64700990F00 /* QuizView.swift */ = {isa = PBXFileReference; lastKnownFileType = sourcecode.swift; path = QuizView.swift; sourceTree = "<group>"; };
		8504A65D2A40B77400990F00 /* ProblemType.swift */ = {isa = PBXFileReference; lastKnownFileType = sourcecode.swift; path = ProblemType.swift; sourceTree = "<group>"; };
		8504A6612A40B8E900990F00 /* Solution.swift */ = {isa = PBXFileReference; lastKnownFileType = sourcecode.swift; path = Solution.swift; sourceTree = "<group>"; };
		8572EE632A40C1F800BD3905 /* QuizData.swift */ = {isa = PBXFileReference; lastKnownFileType = sourcecode.swift; path = QuizData.swift; sourceTree = "<group>"; };
		8572EE652A40C33B00BD3905 /* SettingsView.swift */ = {isa = PBXFileReference; lastKnownFileType = sourcecode.swift; path = SettingsView.swift; sourceTree = "<group>"; };
		85A20FB92A4144640089F1A9 /* ProblemSetView.swift */ = {isa = PBXFileReference; lastKnownFileType = sourcecode.swift; path = ProblemSetView.swift; sourceTree = "<group>"; };
		85A20FBB2A414A880089F1A9 /* Scrollala.swift */ = {isa = PBXFileReference; lastKnownFileType = sourcecode.swift; path = Scrollala.swift; sourceTree = "<group>"; };
		85DAEDD92A4281E9002941B8 /* ProblemSet.swift */ = {isa = PBXFileReference; lastKnownFileType = sourcecode.swift; path = ProblemSet.swift; sourceTree = "<group>"; };
/* End PBXFileReference section */

/* Begin PBXFrameworksBuildPhase section */
		8504A5FF2A3FDA0F00990F00 /* Frameworks */ = {
			isa = PBXFrameworksBuildPhase;
			buildActionMask = 2147483647;
			files = (
			);
			runOnlyForDeploymentPostprocessing = 0;
		};
		8504A60F2A3FDA1000990F00 /* Frameworks */ = {
			isa = PBXFrameworksBuildPhase;
			buildActionMask = 2147483647;
			files = (
			);
			runOnlyForDeploymentPostprocessing = 0;
		};
		8504A6192A3FDA1000990F00 /* Frameworks */ = {
			isa = PBXFrameworksBuildPhase;
			buildActionMask = 2147483647;
			files = (
			);
			runOnlyForDeploymentPostprocessing = 0;
		};
/* End PBXFrameworksBuildPhase section */

/* Begin PBXGroup section */
		8504A5F92A3FDA0F00990F00 = {
			isa = PBXGroup;
			children = (
				85A20FBB2A414A880089F1A9 /* Scrollala.swift */,
				8504A6042A3FDA0F00990F00 /* FunTimeMathTime */,
				8504A6152A3FDA1000990F00 /* FunTimeMathTimeTests */,
				8504A61F2A3FDA1000990F00 /* FunTimeMathTimeUITests */,
				8504A6032A3FDA0F00990F00 /* Products */,
			);
			sourceTree = "<group>";
		};
		8504A6032A3FDA0F00990F00 /* Products */ = {
			isa = PBXGroup;
			children = (
				8504A6022A3FDA0F00990F00 /* FunTimeMathTime.app */,
				8504A6122A3FDA1000990F00 /* FunTimeMathTimeTests.xctest */,
				8504A61C2A3FDA1000990F00 /* FunTimeMathTimeUITests.xctest */,
			);
			name = Products;
			sourceTree = "<group>";
		};
		8504A6042A3FDA0F00990F00 /* FunTimeMathTime */ = {
			isa = PBXGroup;
			children = (
				8504A6052A3FDA0F00990F00 /* FunTimeMathTimeApp.swift */,
				8504A6332A3FDA8800990F00 /* Views */,
				8504A6482A3FDB1A00990F00 /* Problem Views */,
				8504A6582A3FDD4E00990F00 /* Problem Data */,
				8504A6092A3FDA1000990F00 /* Assets.xcassets */,
				8504A60B2A3FDA1000990F00 /* Preview Content */,
			);
			path = FunTimeMathTime;
			sourceTree = "<group>";
		};
		8504A60B2A3FDA1000990F00 /* Preview Content */ = {
			isa = PBXGroup;
			children = (
				8504A60C2A3FDA1000990F00 /* Preview Assets.xcassets */,
			);
			path = "Preview Content";
			sourceTree = "<group>";
		};
		8504A6152A3FDA1000990F00 /* FunTimeMathTimeTests */ = {
			isa = PBXGroup;
			children = (
				8504A6162A3FDA1000990F00 /* FunTimeMathTimeTests.swift */,
			);
			path = FunTimeMathTimeTests;
			sourceTree = "<group>";
		};
		8504A61F2A3FDA1000990F00 /* FunTimeMathTimeUITests */ = {
			isa = PBXGroup;
			children = (
				8504A6202A3FDA1000990F00 /* FunTimeMathTimeUITests.swift */,
				8504A6222A3FDA1000990F00 /* FunTimeMathTimeUITestsLaunchTests.swift */,
			);
			path = FunTimeMathTimeUITests;
			sourceTree = "<group>";
		};
		8504A6332A3FDA8800990F00 /* Views */ = {
			isa = PBXGroup;
			children = (
				8504A6072A3FDA0F00990F00 /* ContentView.swift */,
				8504A62F2A3FDA8200990F00 /* ProblemTypePickerView.swift */,
				8504A6492A3FDB3B00990F00 /* ProblemsConfigView.swift */,
				8504A6592A40B64700990F00 /* QuizView.swift */,
				85A20FB92A4144640089F1A9 /* ProblemSetView.swift */,
				8572EE652A40C33B00BD3905 /* SettingsView.swift */,
			);
			path = Views;
			sourceTree = "<group>";
		};
		8504A6482A3FDB1A00990F00 /* Problem Views */ = {
			isa = PBXGroup;
			children = (
				8504A6392A3FDAF700990F00 /* EquationView.swift */,
				8504A63A2A3FDAF700990F00 /* ProblemView.swift */,
				8504A63B2A3FDAF700990F00 /* SolutionView.swift */,
			);
			path = "Problem Views";
			sourceTree = "<group>";
		};
		8504A6582A3FDD4E00990F00 /* Problem Data */ = {
			isa = PBXGroup;
			children = (
				8572EE632A40C1F800BD3905 /* QuizData.swift */,
				8504A6382A3FDAF700990F00 /* Problem.swift */,
				8504A6612A40B8E900990F00 /* Solution.swift */,
				8504A65D2A40B77400990F00 /* ProblemType.swift */,
				8504A64D2A3FDB4900990F00 /* ProblemGenerator.swift */,
				8504A6542A3FDCD500990F00 /* ProblemSetConfiguration.swift */,
				85DAEDD92A4281E9002941B8 /* ProblemSet.swift */,
			);
			path = "Problem Data";
			sourceTree = "<group>";
		};
/* End PBXGroup section */

/* Begin PBXNativeTarget section */
		8504A6012A3FDA0F00990F00 /* FunTimeMathTime */ = {
			isa = PBXNativeTarget;
			buildConfigurationList = 8504A6262A3FDA1000990F00 /* Build configuration list for PBXNativeTarget "FunTimeMathTime" */;
			buildPhases = (
				8504A5FE2A3FDA0F00990F00 /* Sources */,
				8504A5FF2A3FDA0F00990F00 /* Frameworks */,
				8504A6002A3FDA0F00990F00 /* Resources */,
			);
			buildRules = (
			);
			dependencies = (
			);
			name = FunTimeMathTime;
			productName = FunTimeMathTime;
			productReference = 8504A6022A3FDA0F00990F00 /* FunTimeMathTime.app */;
			productType = "com.apple.product-type.application";
		};
		8504A6112A3FDA1000990F00 /* FunTimeMathTimeTests */ = {
			isa = PBXNativeTarget;
			buildConfigurationList = 8504A6292A3FDA1000990F00 /* Build configuration list for PBXNativeTarget "FunTimeMathTimeTests" */;
			buildPhases = (
				8504A60E2A3FDA1000990F00 /* Sources */,
				8504A60F2A3FDA1000990F00 /* Frameworks */,
				8504A6102A3FDA1000990F00 /* Resources */,
			);
			buildRules = (
			);
			dependencies = (
				8504A6142A3FDA1000990F00 /* PBXTargetDependency */,
			);
			name = FunTimeMathTimeTests;
			productName = FunTimeMathTimeTests;
			productReference = 8504A6122A3FDA1000990F00 /* FunTimeMathTimeTests.xctest */;
			productType = "com.apple.product-type.bundle.unit-test";
		};
		8504A61B2A3FDA1000990F00 /* FunTimeMathTimeUITests */ = {
			isa = PBXNativeTarget;
			buildConfigurationList = 8504A62C2A3FDA1000990F00 /* Build configuration list for PBXNativeTarget "FunTimeMathTimeUITests" */;
			buildPhases = (
				8504A6182A3FDA1000990F00 /* Sources */,
				8504A6192A3FDA1000990F00 /* Frameworks */,
				8504A61A2A3FDA1000990F00 /* Resources */,
			);
			buildRules = (
			);
			dependencies = (
				8504A61E2A3FDA1000990F00 /* PBXTargetDependency */,
			);
			name = FunTimeMathTimeUITests;
			productName = FunTimeMathTimeUITests;
			productReference = 8504A61C2A3FDA1000990F00 /* FunTimeMathTimeUITests.xctest */;
			productType = "com.apple.product-type.bundle.ui-testing";
		};
/* End PBXNativeTarget section */

/* Begin PBXProject section */
		8504A5FA2A3FDA0F00990F00 /* Project object */ = {
			isa = PBXProject;
			attributes = {
				BuildIndependentTargetsInParallel = 1;
				LastSwiftUpdateCheck = 1500;
				LastUpgradeCheck = 1500;
				TargetAttributes = {
					8504A6012A3FDA0F00990F00 = {
						CreatedOnToolsVersion = 15.0;
					};
					8504A6112A3FDA1000990F00 = {
						CreatedOnToolsVersion = 15.0;
						TestTargetID = 8504A6012A3FDA0F00990F00;
					};
					8504A61B2A3FDA1000990F00 = {
						CreatedOnToolsVersion = 15.0;
						TestTargetID = 8504A6012A3FDA0F00990F00;
					};
				};
			};
			buildConfigurationList = 8504A5FD2A3FDA0F00990F00 /* Build configuration list for PBXProject "FunTimeMathTime" */;
			compatibilityVersion = "Xcode 14.0";
			developmentRegion = en;
			hasScannedForEncodings = 0;
			knownRegions = (
				en,
				Base,
			);
			mainGroup = 8504A5F92A3FDA0F00990F00;
			productRefGroup = 8504A6032A3FDA0F00990F00 /* Products */;
			projectDirPath = "";
			projectRoot = "";
			targets = (
				8504A6012A3FDA0F00990F00 /* FunTimeMathTime */,
				8504A6112A3FDA1000990F00 /* FunTimeMathTimeTests */,
				8504A61B2A3FDA1000990F00 /* FunTimeMathTimeUITests */,
			);
		};
/* End PBXProject section */

/* Begin PBXResourcesBuildPhase section */
		8504A6002A3FDA0F00990F00 /* Resources */ = {
			isa = PBXResourcesBuildPhase;
			buildActionMask = 2147483647;
			files = (
				8504A60D2A3FDA1000990F00 /* Preview Assets.xcassets in Resources */,
				8504A60A2A3FDA1000990F00 /* Assets.xcassets in Resources */,
			);
			runOnlyForDeploymentPostprocessing = 0;
		};
		8504A6102A3FDA1000990F00 /* Resources */ = {
			isa = PBXResourcesBuildPhase;
			buildActionMask = 2147483647;
			files = (
			);
			runOnlyForDeploymentPostprocessing = 0;
		};
		8504A61A2A3FDA1000990F00 /* Resources */ = {
			isa = PBXResourcesBuildPhase;
			buildActionMask = 2147483647;
			files = (
			);
			runOnlyForDeploymentPostprocessing = 0;
		};
/* End PBXResourcesBuildPhase section */

/* Begin PBXSourcesBuildPhase section */
		8504A5FE2A3FDA0F00990F00 /* Sources */ = {
			isa = PBXSourcesBuildPhase;
			buildActionMask = 2147483647;
			files = (
				8572EE662A40C33B00BD3905 /* SettingsView.swift in Sources */,
				8572EE642A40C1F800BD3905 /* QuizData.swift in Sources */,
				8504A64A2A3FDB3B00990F00 /* ProblemsConfigView.swift in Sources */,
				8504A64E2A3FDB4900990F00 /* ProblemGenerator.swift in Sources */,
				85DAEDDA2A4281E9002941B8 /* ProblemSet.swift in Sources */,
				85A20FBA2A4144640089F1A9 /* ProblemSetView.swift in Sources */,
				8504A65A2A40B64700990F00 /* QuizView.swift in Sources */,
				85A20FBC2A414A880089F1A9 /* Scrollala.swift in Sources */,
				8504A6422A3FDAF700990F00 /* ProblemView.swift in Sources */,
				8504A6082A3FDA0F00990F00 /* ContentView.swift in Sources */,
				8504A63F2A3FDAF700990F00 /* EquationView.swift in Sources */,
				8504A6622A40B8E900990F00 /* Solution.swift in Sources */,
				8504A63C2A3FDAF700990F00 /* Problem.swift in Sources */,
				8504A6302A3FDA8200990F00 /* ProblemTypePickerView.swift in Sources */,
				8504A6552A3FDCD500990F00 /* ProblemSetConfiguration.swift in Sources */,
				8504A65E2A40B77400990F00 /* ProblemType.swift in Sources */,
				8504A6062A3FDA0F00990F00 /* FunTimeMathTimeApp.swift in Sources */,
				8504A6452A3FDAF700990F00 /* SolutionView.swift in Sources */,
			);
			runOnlyForDeploymentPostprocessing = 0;
		};
		8504A60E2A3FDA1000990F00 /* Sources */ = {
			isa = PBXSourcesBuildPhase;
			buildActionMask = 2147483647;
			files = (
				8504A6172A3FDA1000990F00 /* FunTimeMathTimeTests.swift in Sources */,
			);
			runOnlyForDeploymentPostprocessing = 0;
		};
		8504A6182A3FDA1000990F00 /* Sources */ = {
			isa = PBXSourcesBuildPhase;
			buildActionMask = 2147483647;
			files = (
				8504A6232A3FDA1000990F00 /* FunTimeMathTimeUITestsLaunchTests.swift in Sources */,
				8504A6212A3FDA1000990F00 /* FunTimeMathTimeUITests.swift in Sources */,
			);
			runOnlyForDeploymentPostprocessing = 0;
		};
/* End PBXSourcesBuildPhase section */

/* Begin PBXTargetDependency section */
		8504A6142A3FDA1000990F00 /* PBXTargetDependency */ = {
			isa = PBXTargetDependency;
			target = 8504A6012A3FDA0F00990F00 /* FunTimeMathTime */;
			targetProxy = 8504A6132A3FDA1000990F00 /* PBXContainerItemProxy */;
		};
		8504A61E2A3FDA1000990F00 /* PBXTargetDependency */ = {
			isa = PBXTargetDependency;
			target = 8504A6012A3FDA0F00990F00 /* FunTimeMathTime */;
			targetProxy = 8504A61D2A3FDA1000990F00 /* PBXContainerItemProxy */;
		};
/* End PBXTargetDependency section */

/* Begin XCBuildConfiguration section */
		8504A6242A3FDA1000990F00 /* Debug */ = {
			isa = XCBuildConfiguration;
			buildSettings = {
				ALWAYS_SEARCH_USER_PATHS = NO;
				ASSETCATALOG_COMPILER_GENERATE_SWIFT_ASSET_SYMBOL_EXTENSIONS = YES;
				CLANG_ANALYZER_NONNULL = YES;
				CLANG_ANALYZER_NUMBER_OBJECT_CONVERSION = YES_AGGRESSIVE;
				CLANG_CXX_LANGUAGE_STANDARD = "gnu++20";
				CLANG_ENABLE_MODULES = YES;
				CLANG_ENABLE_OBJC_ARC = YES;
				CLANG_ENABLE_OBJC_WEAK = YES;
				CLANG_WARN_BLOCK_CAPTURE_AUTORELEASING = YES;
				CLANG_WARN_BOOL_CONVERSION = YES;
				CLANG_WARN_COMMA = YES;
				CLANG_WARN_CONSTANT_CONVERSION = YES;
				CLANG_WARN_DEPRECATED_OBJC_IMPLEMENTATIONS = YES;
				CLANG_WARN_DIRECT_OBJC_ISA_USAGE = YES_ERROR;
				CLANG_WARN_DOCUMENTATION_COMMENTS = YES;
				CLANG_WARN_EMPTY_BODY = YES;
				CLANG_WARN_ENUM_CONVERSION = YES;
				CLANG_WARN_INFINITE_RECURSION = YES;
				CLANG_WARN_INT_CONVERSION = YES;
				CLANG_WARN_NON_LITERAL_NULL_CONVERSION = YES;
				CLANG_WARN_OBJC_IMPLICIT_RETAIN_SELF = YES;
				CLANG_WARN_OBJC_LITERAL_CONVERSION = YES;
				CLANG_WARN_OBJC_ROOT_CLASS = YES_ERROR;
				CLANG_WARN_QUOTED_INCLUDE_IN_FRAMEWORK_HEADER = YES;
				CLANG_WARN_RANGE_LOOP_ANALYSIS = YES;
				CLANG_WARN_STRICT_PROTOTYPES = YES;
				CLANG_WARN_SUSPICIOUS_MOVE = YES;
				CLANG_WARN_UNGUARDED_AVAILABILITY = YES_AGGRESSIVE;
				CLANG_WARN_UNREACHABLE_CODE = YES;
				CLANG_WARN__DUPLICATE_METHOD_MATCH = YES;
				COPY_PHASE_STRIP = NO;
				DEBUG_INFORMATION_FORMAT = dwarf;
				ENABLE_STRICT_OBJC_MSGSEND = YES;
				ENABLE_TESTABILITY = YES;
				ENABLE_USER_SCRIPT_SANDBOXING = YES;
				GCC_C_LANGUAGE_STANDARD = gnu17;
				GCC_DYNAMIC_NO_PIC = NO;
				GCC_NO_COMMON_BLOCKS = YES;
				GCC_OPTIMIZATION_LEVEL = 0;
				GCC_PREPROCESSOR_DEFINITIONS = (
					"DEBUG=1",
					"$(inherited)",
				);
				GCC_WARN_64_TO_32_BIT_CONVERSION = YES;
				GCC_WARN_ABOUT_RETURN_TYPE = YES_ERROR;
				GCC_WARN_UNDECLARED_SELECTOR = YES;
				GCC_WARN_UNINITIALIZED_AUTOS = YES_AGGRESSIVE;
				GCC_WARN_UNUSED_FUNCTION = YES;
				GCC_WARN_UNUSED_VARIABLE = YES;
				IPHONEOS_DEPLOYMENT_TARGET = 17.0;
				LOCALIZATION_PREFERS_STRING_CATALOGS = YES;
				MTL_ENABLE_DEBUG_INFO = INCLUDE_SOURCE;
				MTL_FAST_MATH = YES;
				ONLY_ACTIVE_ARCH = YES;
				SDKROOT = iphoneos;
				SWIFT_ACTIVE_COMPILATION_CONDITIONS = "DEBUG $(inherited)";
				SWIFT_OPTIMIZATION_LEVEL = "-Onone";
			};
			name = Debug;
		};
		8504A6252A3FDA1000990F00 /* Release */ = {
			isa = XCBuildConfiguration;
			buildSettings = {
				ALWAYS_SEARCH_USER_PATHS = NO;
				ASSETCATALOG_COMPILER_GENERATE_SWIFT_ASSET_SYMBOL_EXTENSIONS = YES;
				CLANG_ANALYZER_NONNULL = YES;
				CLANG_ANALYZER_NUMBER_OBJECT_CONVERSION = YES_AGGRESSIVE;
				CLANG_CXX_LANGUAGE_STANDARD = "gnu++20";
				CLANG_ENABLE_MODULES = YES;
				CLANG_ENABLE_OBJC_ARC = YES;
				CLANG_ENABLE_OBJC_WEAK = YES;
				CLANG_WARN_BLOCK_CAPTURE_AUTORELEASING = YES;
				CLANG_WARN_BOOL_CONVERSION = YES;
				CLANG_WARN_COMMA = YES;
				CLANG_WARN_CONSTANT_CONVERSION = YES;
				CLANG_WARN_DEPRECATED_OBJC_IMPLEMENTATIONS = YES;
				CLANG_WARN_DIRECT_OBJC_ISA_USAGE = YES_ERROR;
				CLANG_WARN_DOCUMENTATION_COMMENTS = YES;
				CLANG_WARN_EMPTY_BODY = YES;
				CLANG_WARN_ENUM_CONVERSION = YES;
				CLANG_WARN_INFINITE_RECURSION = YES;
				CLANG_WARN_INT_CONVERSION = YES;
				CLANG_WARN_NON_LITERAL_NULL_CONVERSION = YES;
				CLANG_WARN_OBJC_IMPLICIT_RETAIN_SELF = YES;
				CLANG_WARN_OBJC_LITERAL_CONVERSION = YES;
				CLANG_WARN_OBJC_ROOT_CLASS = YES_ERROR;
				CLANG_WARN_QUOTED_INCLUDE_IN_FRAMEWORK_HEADER = YES;
				CLANG_WARN_RANGE_LOOP_ANALYSIS = YES;
				CLANG_WARN_STRICT_PROTOTYPES = YES;
				CLANG_WARN_SUSPICIOUS_MOVE = YES;
				CLANG_WARN_UNGUARDED_AVAILABILITY = YES_AGGRESSIVE;
				CLANG_WARN_UNREACHABLE_CODE = YES;
				CLANG_WARN__DUPLICATE_METHOD_MATCH = YES;
				COPY_PHASE_STRIP = NO;
				DEBUG_INFORMATION_FORMAT = "dwarf-with-dsym";
				ENABLE_NS_ASSERTIONS = NO;
				ENABLE_STRICT_OBJC_MSGSEND = YES;
				ENABLE_USER_SCRIPT_SANDBOXING = YES;
				GCC_C_LANGUAGE_STANDARD = gnu17;
				GCC_NO_COMMON_BLOCKS = YES;
				GCC_WARN_64_TO_32_BIT_CONVERSION = YES;
				GCC_WARN_ABOUT_RETURN_TYPE = YES_ERROR;
				GCC_WARN_UNDECLARED_SELECTOR = YES;
				GCC_WARN_UNINITIALIZED_AUTOS = YES_AGGRESSIVE;
				GCC_WARN_UNUSED_FUNCTION = YES;
				GCC_WARN_UNUSED_VARIABLE = YES;
				IPHONEOS_DEPLOYMENT_TARGET = 17.0;
				LOCALIZATION_PREFERS_STRING_CATALOGS = YES;
				MTL_ENABLE_DEBUG_INFO = NO;
				MTL_FAST_MATH = YES;
				SDKROOT = iphoneos;
				SWIFT_COMPILATION_MODE = wholemodule;
				VALIDATE_PRODUCT = YES;
			};
			name = Release;
		};
		8504A6272A3FDA1000990F00 /* Debug */ = {
			isa = XCBuildConfiguration;
			buildSettings = {
				ASSETCATALOG_COMPILER_APPICON_NAME = AppIcon;
				ASSETCATALOG_COMPILER_GLOBAL_ACCENT_COLOR_NAME = AccentColor;
				CODE_SIGN_STYLE = Automatic;
				CURRENT_PROJECT_VERSION = 1;
				DEVELOPMENT_ASSET_PATHS = "\"FunTimeMathTime/Preview Content\"";
				DEVELOPMENT_TEAM = VZ3HPXJ4NG;
				ENABLE_PREVIEWS = YES;
				GENERATE_INFOPLIST_FILE = YES;
				INFOPLIST_KEY_UIApplicationSceneManifest_Generation = YES;
				INFOPLIST_KEY_UIApplicationSupportsIndirectInputEvents = YES;
				INFOPLIST_KEY_UILaunchScreen_Generation = YES;
				INFOPLIST_KEY_UISupportedInterfaceOrientations_iPad = "UIInterfaceOrientationPortrait UIInterfaceOrientationPortraitUpsideDown UIInterfaceOrientationLandscapeLeft UIInterfaceOrientationLandscapeRight";
				INFOPLIST_KEY_UISupportedInterfaceOrientations_iPhone = "UIInterfaceOrientationPortrait UIInterfaceOrientationLandscapeLeft UIInterfaceOrientationLandscapeRight";
				LD_RUNPATH_SEARCH_PATHS = (
					"$(inherited)",
					"@executable_path/Frameworks",
				);
				MARKETING_VERSION = 1.0;
				PRODUCT_BUNDLE_IDENTIFIER = com.majorsoft.FunTimeMathTime;
				PRODUCT_NAME = "$(TARGET_NAME)";
				SWIFT_EMIT_LOC_STRINGS = YES;
				SWIFT_VERSION = 5.0;
				TARGETED_DEVICE_FAMILY = "1,2";
			};
			name = Debug;
		};
		8504A6282A3FDA1000990F00 /* Release */ = {
			isa = XCBuildConfiguration;
			buildSettings = {
				ASSETCATALOG_COMPILER_APPICON_NAME = AppIcon;
				ASSETCATALOG_COMPILER_GLOBAL_ACCENT_COLOR_NAME = AccentColor;
				CODE_SIGN_STYLE = Automatic;
				CURRENT_PROJECT_VERSION = 1;
				DEVELOPMENT_ASSET_PATHS = "\"FunTimeMathTime/Preview Content\"";
				DEVELOPMENT_TEAM = VZ3HPXJ4NG;
				ENABLE_PREVIEWS = YES;
				GENERATE_INFOPLIST_FILE = YES;
				INFOPLIST_KEY_UIApplicationSceneManifest_Generation = YES;
				INFOPLIST_KEY_UIApplicationSupportsIndirectInputEvents = YES;
				INFOPLIST_KEY_UILaunchScreen_Generation = YES;
				INFOPLIST_KEY_UISupportedInterfaceOrientations_iPad = "UIInterfaceOrientationPortrait UIInterfaceOrientationPortraitUpsideDown UIInterfaceOrientationLandscapeLeft UIInterfaceOrientationLandscapeRight";
				INFOPLIST_KEY_UISupportedInterfaceOrientations_iPhone = "UIInterfaceOrientationPortrait UIInterfaceOrientationLandscapeLeft UIInterfaceOrientationLandscapeRight";
				LD_RUNPATH_SEARCH_PATHS = (
					"$(inherited)",
					"@executable_path/Frameworks",
				);
				MARKETING_VERSION = 1.0;
				PRODUCT_BUNDLE_IDENTIFIER = com.majorsoft.FunTimeMathTime;
				PRODUCT_NAME = "$(TARGET_NAME)";
				SWIFT_EMIT_LOC_STRINGS = YES;
				SWIFT_VERSION = 5.0;
				TARGETED_DEVICE_FAMILY = "1,2";
			};
			name = Release;
		};
		8504A62A2A3FDA1000990F00 /* Debug */ = {
			isa = XCBuildConfiguration;
			buildSettings = {
				ALWAYS_EMBED_SWIFT_STANDARD_LIBRARIES = YES;
				BUNDLE_LOADER = "$(TEST_HOST)";
				CODE_SIGN_STYLE = Automatic;
				CURRENT_PROJECT_VERSION = 1;
				DEVELOPMENT_TEAM = VZ3HPXJ4NG;
				GENERATE_INFOPLIST_FILE = YES;
				IPHONEOS_DEPLOYMENT_TARGET = 17.0;
				MARKETING_VERSION = 1.0;
				PRODUCT_BUNDLE_IDENTIFIER = com.majorsoft.FunTimeMathTimeTests;
				PRODUCT_NAME = "$(TARGET_NAME)";
				SWIFT_EMIT_LOC_STRINGS = NO;
				SWIFT_VERSION = 5.0;
				TARGETED_DEVICE_FAMILY = "1,2";
				TEST_HOST = "$(BUILT_PRODUCTS_DIR)/FunTimeMathTime.app/$(BUNDLE_EXECUTABLE_FOLDER_PATH)/FunTimeMathTime";
			};
			name = Debug;
		};
		8504A62B2A3FDA1000990F00 /* Release */ = {
			isa = XCBuildConfiguration;
			buildSettings = {
				ALWAYS_EMBED_SWIFT_STANDARD_LIBRARIES = YES;
				BUNDLE_LOADER = "$(TEST_HOST)";
				CODE_SIGN_STYLE = Automatic;
				CURRENT_PROJECT_VERSION = 1;
				DEVELOPMENT_TEAM = VZ3HPXJ4NG;
				GENERATE_INFOPLIST_FILE = YES;
				IPHONEOS_DEPLOYMENT_TARGET = 17.0;
				MARKETING_VERSION = 1.0;
				PRODUCT_BUNDLE_IDENTIFIER = com.majorsoft.FunTimeMathTimeTests;
				PRODUCT_NAME = "$(TARGET_NAME)";
				SWIFT_EMIT_LOC_STRINGS = NO;
				SWIFT_VERSION = 5.0;
				TARGETED_DEVICE_FAMILY = "1,2";
				TEST_HOST = "$(BUILT_PRODUCTS_DIR)/FunTimeMathTime.app/$(BUNDLE_EXECUTABLE_FOLDER_PATH)/FunTimeMathTime";
			};
			name = Release;
		};
		8504A62D2A3FDA1000990F00 /* Debug */ = {
			isa = XCBuildConfiguration;
			buildSettings = {
				ALWAYS_EMBED_SWIFT_STANDARD_LIBRARIES = YES;
				CODE_SIGN_STYLE = Automatic;
				CURRENT_PROJECT_VERSION = 1;
				DEVELOPMENT_TEAM = VZ3HPXJ4NG;
				GENERATE_INFOPLIST_FILE = YES;
				MARKETING_VERSION = 1.0;
				PRODUCT_BUNDLE_IDENTIFIER = com.majorsoft.FunTimeMathTimeUITests;
				PRODUCT_NAME = "$(TARGET_NAME)";
				SWIFT_EMIT_LOC_STRINGS = NO;
				SWIFT_VERSION = 5.0;
				TARGETED_DEVICE_FAMILY = "1,2";
				TEST_TARGET_NAME = FunTimeMathTime;
			};
			name = Debug;
		};
		8504A62E2A3FDA1000990F00 /* Release */ = {
			isa = XCBuildConfiguration;
			buildSettings = {
				ALWAYS_EMBED_SWIFT_STANDARD_LIBRARIES = YES;
				CODE_SIGN_STYLE = Automatic;
				CURRENT_PROJECT_VERSION = 1;
				DEVELOPMENT_TEAM = VZ3HPXJ4NG;
				GENERATE_INFOPLIST_FILE = YES;
				MARKETING_VERSION = 1.0;
				PRODUCT_BUNDLE_IDENTIFIER = com.majorsoft.FunTimeMathTimeUITests;
				PRODUCT_NAME = "$(TARGET_NAME)";
				SWIFT_EMIT_LOC_STRINGS = NO;
				SWIFT_VERSION = 5.0;
				TARGETED_DEVICE_FAMILY = "1,2";
				TEST_TARGET_NAME = FunTimeMathTime;
			};
			name = Release;
		};
/* End XCBuildConfiguration section */

/* Begin XCConfigurationList section */
		8504A5FD2A3FDA0F00990F00 /* Build configuration list for PBXProject "FunTimeMathTime" */ = {
			isa = XCConfigurationList;
			buildConfigurations = (
				8504A6242A3FDA1000990F00 /* Debug */,
				8504A6252A3FDA1000990F00 /* Release */,
			);
			defaultConfigurationIsVisible = 0;
			defaultConfigurationName = Release;
		};
		8504A6262A3FDA1000990F00 /* Build configuration list for PBXNativeTarget "FunTimeMathTime" */ = {
			isa = XCConfigurationList;
			buildConfigurations = (
				8504A6272A3FDA1000990F00 /* Debug */,
				8504A6282A3FDA1000990F00 /* Release */,
			);
			defaultConfigurationIsVisible = 0;
			defaultConfigurationName = Release;
		};
		8504A6292A3FDA1000990F00 /* Build configuration list for PBXNativeTarget "FunTimeMathTimeTests" */ = {
			isa = XCConfigurationList;
			buildConfigurations = (
				8504A62A2A3FDA1000990F00 /* Debug */,
				8504A62B2A3FDA1000990F00 /* Release */,
			);
			defaultConfigurationIsVisible = 0;
			defaultConfigurationName = Release;
		};
		8504A62C2A3FDA1000990F00 /* Build configuration list for PBXNativeTarget "FunTimeMathTimeUITests" */ = {
			isa = XCConfigurationList;
			buildConfigurations = (
				8504A62D2A3FDA1000990F00 /* Debug */,
				8504A62E2A3FDA1000990F00 /* Release */,
			);
			defaultConfigurationIsVisible = 0;
			defaultConfigurationName = Release;
		};
/* End XCConfigurationList section */
	};
	rootObject = 8504A5FA2A3FDA0F00990F00 /* Project object */;
}
